<Solution>
  <Folder Name="/src/" />
  <Folder Name="/src/API/" />
  <Folder Name="/src/API/GameRA.API/">
    <Project Path="src/API/GameRa/GameRa.csproj" />
  </Folder>
  <Folder Name="/src/Common/">
    <Project Path="src/Common/GameRa.Common.Application/GameRa.Common.Application.csproj" />
    <Project Path="src/Common/GameRa.Common.Domain/GameRa.Common.Domain.csproj" />
    <Project Path="src/Common/GameRa.Common.Infrastructure/GameRa.Common.Infrastructure.csproj" />
    <Project Path="src/Common/GameRa.Common.Presentation/GameRa.Common.Presentation.csproj" />
  </Folder>
  <Folder Name="/src/Modules/" />
  <Folder Name="/src/Modules/Games/">
    <Project Path="src/Modules/Games/GameRa,Modules.Games.publicApi/GameRa,Modules.Games.publicApi.csproj" />
    <Project Path="src/Modules/Games/GameRa.Modules.Games.Application/GameRa.Modules.Games.Application.csproj" />
    <Project Path="src/Modules/Games/GameRa.Modules.Games.Domain/GameRa.Modules.Games.Domain.csproj" />
    <Project Path="src/Modules/Games/GameRa.Modules.Games.Infrastructure/GameRa.Modules.Games.Infrastructure.csproj" />
    <Project Path="src/Modules/Games/GameRa.Modules.Games.integrationEvents/GameRa.Modules.Games.integrationEvents.csproj" />
    <Project Path="src/Modules/Games/GameRa.Modules.Games.Presentation/GameRa.Modules.Games.Presentation.csproj" />
  </Folder>
  <Folder Name="/src/Modules/Games/test/">
    <Project Path="src/Modules/Games/test/GameRa.Modules.Games.Architecture/GameRa.Modules.Games.ArchitectureTests.csproj" Id="8067ea1a-dbe7-4d6d-905f-111aaf9bba58" />
  </Folder>
  <Folder Name="/src/Modules/LibraryItem/">
    <Project Path="src/Modules/Library/GameRa.Modules.Library.Application/GameRa.Modules.Library.Application.csproj" />
    <Project Path="src/Modules/Library/GameRa.Modules.Library.Domain/GameRa.Modules.Library.Domain.csproj" />
    <Project Path="src/Modules/Library/GameRa.Modules.Library.Infrastructure/GameRa.Modules.Library.Infrastructure.csproj" />
    <Project Path="src/Modules/Library/GameRa.Modules.Library.IntegrationEvents/GameRa.Modules.Library.IntegrationEvents.csproj" />
    <Project Path="src/Modules/Library/GameRa.Modules.Library.Presentation/GameRa.Modules.Library.Presentation.csproj" />
  </Folder>
  <Folder Name="/src/Modules/LibraryItem/test/">
    <Project Path="src/Modules/Library/test/Evently.Modules.Library.ArchitectureTests/Evently.Modules.Library.ArchitectureTests.csproj" Id="71eefb3b-fd9f-4fec-b467-44be8c67ada5" />
  </Folder>
  <Folder Name="/src/Modules/Store/">
    <Project Path="src/Modules/Store/GameRa.Modules.Store.Application/GameRa.Modules.Store.Application.csproj" />
    <Project Path="src/Modules/Store/GameRa.Modules.Store.Domain/GameRa.Modules.Store.Domain.csproj" />
    <Project Path="src/Modules/Store/GameRa.Modules.Store.Infrastructure/GameRa.Modules.Store.Infrastructure.csproj" />
    <Project Path="src/Modules/Store/GameRa.Modules.Store.integrationEvents/GameRa.Modules.Store.integrationEvents.csproj" />
    <Project Path="src/Modules/Store/GameRa.Modules.Store.Presentation/GameRa.Modules.Store.Presentation.csproj" />
    <Project Path="src/Modules/Store/GameRa.Modules.Store.PublicApi/GameRa.Modules.Store.PublicApi.csproj" />
  </Folder>
  <Folder Name="/src/Modules/Store/test/">
    <Project Path="src/Modules/Store/test/GameRa.Modules.Store.Architecture/GameRa.Modules.Store.ArchitectureTests.csproj" Id="5837dcc9-89a6-44b8-a2d4-7499548dd8dd" />
  </Folder>
  <Folder Name="/src/Modules/User/">
    <Project Path="src/Modules/User/GameRa.Modules.Users.Application/GameRa.Modules.Users.Application.csproj" />
    <Project Path="src/Modules/User/GameRa.Modules.Users.Domain/GameRa.Modules.Users.Domain.csproj" />
    <Project Path="src/Modules/User/GameRa.Modules.Users.Infrastructure/GameRa.Modules.Users.Infrastructure.csproj" />
    <Project Path="src/Modules/User/GameRa.Modules.Users.integrationEvents/GameRa.Modules.Users.integrationEvents.csproj" DisplayName="GameRa.Modules.Users.IntegrationEvents" />
    <Project Path="src/Modules/User/GameRa.Modules.Users.Presentation/GameRa.Modules.Users.Presentation.csproj" />
  </Folder>
  <Folder Name="/src/Modules/User/test/">
    <Project Path="src/Modules/User/test/GameRa.Modules.Users.Architecture.Tests/GameRa.Modules.Users.ArchitectureTests.csproj" />
  </Folder>
  <Folder Name="/Test/">
    <Project Path="test/GameRa.ArchitectureTests/GameRa.ArchitectureTests.csproj" />
  </Folder>
  <Project Path="docker-compose.dcproj">
    <Build />
  </Project>
</Solution>
